// !$*UTF8*$!
{
	archiveVersion = 1;
	classes = {
	};
	objectVersion = 50;
	objects = {

/* Begin PBXBuildFile section */
		32B6086E251A561F00CF1000 /* AppDelegate.swift in Sources */ = {isa = PBXBuildFile; fileRef = 32B6086D251A561F00CF1000 /* AppDelegate.swift */; };
		32B60870251A561F00CF1000 /* SceneDelegate.swift in Sources */ = {isa = PBXBuildFile; fileRef = 32B6086F251A561F00CF1000 /* SceneDelegate.swift */; };
		32B60872251A561F00CF1000 /* AllMoviesViewController.swift in Sources */ = {isa = PBXBuildFile; fileRef = 32B60871251A561F00CF1000 /* AllMoviesViewController.swift */; };
		32B60875251A561F00CF1000 /* Main.storyboard in Resources */ = {isa = PBXBuildFile; fileRef = 32B60873251A561F00CF1000 /* Main.storyboard */; };
		32B60877251A562200CF1000 /* Assets.xcassets in Resources */ = {isa = PBXBuildFile; fileRef = 32B60876251A562100CF1000 /* Assets.xcassets */; };
		32B6087A251A562200CF1000 /* LaunchScreen.storyboard in Resources */ = {isa = PBXBuildFile; fileRef = 32B60878251A562200CF1000 /* LaunchScreen.storyboard */; };
		32B60885251A562200CF1000 /* MoviesTests.swift in Sources */ = {isa = PBXBuildFile; fileRef = 32B60884251A562200CF1000 /* MoviesTests.swift */; };
		32B60890251A562200CF1000 /* MoviesUITests.swift in Sources */ = {isa = PBXBuildFile; fileRef = 32B6088F251A562200CF1000 /* MoviesUITests.swift */; };
		32B6089E251A564E00CF1000 /* README in Resources */ = {isa = PBXBuildFile; fileRef = 32B6089D251A564E00CF1000 /* README */; };
		32B608B0251A670100CF1000 /* MovieCell.swift in Sources */ = {isa = PBXBuildFile; fileRef = 32B608AE251A670100CF1000 /* MovieCell.swift */; };
		32B608B1251A670100CF1000 /* MovieCell.xib in Resources */ = {isa = PBXBuildFile; fileRef = 32B608AF251A670100CF1000 /* MovieCell.xib */; };
		32B608B9251A6E9200CF1000 /* Constants.swift in Sources */ = {isa = PBXBuildFile; fileRef = 32B608B8251A6E9200CF1000 /* Constants.swift */; };
/* End PBXBuildFile section */

/* Begin PBXContainerItemProxy section */
		32B60881251A562200CF1000 /* PBXContainerItemProxy */ = {
			isa = PBXContainerItemProxy;
			containerPortal = 32B60862251A561F00CF1000 /* Project object */;
			proxyType = 1;
			remoteGlobalIDString = 32B60869251A561F00CF1000;
			remoteInfo = Movies;
		};
		32B6088C251A562200CF1000 /* PBXContainerItemProxy */ = {
			isa = PBXContainerItemProxy;
			containerPortal = 32B60862251A561F00CF1000 /* Project object */;
			proxyType = 1;
			remoteGlobalIDString = 32B60869251A561F00CF1000;
			remoteInfo = Movies;
		};
/* End PBXContainerItemProxy section */

/* Begin PBXFileReference section */
		32B6086A251A561F00CF1000 /* Movies.app */ = {isa = PBXFileReference; explicitFileType = wrapper.application; includeInIndex = 0; path = Movies.app; sourceTree = BUILT_PRODUCTS_DIR; };
		32B6086D251A561F00CF1000 /* AppDelegate.swift */ = {isa = PBXFileReference; lastKnownFileType = sourcecode.swift; path = AppDelegate.swift; sourceTree = "<group>"; };
		32B6086F251A561F00CF1000 /* SceneDelegate.swift */ = {isa = PBXFileReference; lastKnownFileType = sourcecode.swift; path = SceneDelegate.swift; sourceTree = "<group>"; };
		32B60871251A561F00CF1000 /* AllMoviesViewController.swift */ = {isa = PBXFileReference; lastKnownFileType = sourcecode.swift; path = AllMoviesViewController.swift; sourceTree = "<group>"; };
		32B60874251A561F00CF1000 /* Base */ = {isa = PBXFileReference; lastKnownFileType = file.storyboard; name = Base; path = Base.lproj/Main.storyboard; sourceTree = "<group>"; };
		32B60876251A562100CF1000 /* Assets.xcassets */ = {isa = PBXFileReference; lastKnownFileType = folder.assetcatalog; path = Assets.xcassets; sourceTree = "<group>"; };
		32B60879251A562200CF1000 /* Base */ = {isa = PBXFileReference; lastKnownFileType = file.storyboard; name = Base; path = Base.lproj/LaunchScreen.storyboard; sourceTree = "<group>"; };
		32B6087B251A562200CF1000 /* Info.plist */ = {isa = PBXFileReference; lastKnownFileType = text.plist.xml; path = Info.plist; sourceTree = "<group>"; };
		32B60880251A562200CF1000 /* MoviesTests.xctest */ = {isa = PBXFileReference; explicitFileType = wrapper.cfbundle; includeInIndex = 0; path = MoviesTests.xctest; sourceTree = BUILT_PRODUCTS_DIR; };
		32B60884251A562200CF1000 /* MoviesTests.swift */ = {isa = PBXFileReference; lastKnownFileType = sourcecode.swift; path = MoviesTests.swift; sourceTree = "<group>"; };
		32B60886251A562200CF1000 /* Info.plist */ = {isa = PBXFileReference; lastKnownFileType = text.plist.xml; path = Info.plist; sourceTree = "<group>"; };
		32B6088B251A562200CF1000 /* MoviesUITests.xctest */ = {isa = PBXFileReference; explicitFileType = wrapper.cfbundle; includeInIndex = 0; path = MoviesUITests.xctest; sourceTree = BUILT_PRODUCTS_DIR; };
		32B6088F251A562200CF1000 /* MoviesUITests.swift */ = {isa = PBXFileReference; lastKnownFileType = sourcecode.swift; path = MoviesUITests.swift; sourceTree = "<group>"; };
		32B60891251A562200CF1000 /* Info.plist */ = {isa = PBXFileReference; lastKnownFileType = text.plist.xml; path = Info.plist; sourceTree = "<group>"; };
		32B6089D251A564E00CF1000 /* README */ = {isa = PBXFileReference; lastKnownFileType = text; path = README; sourceTree = "<group>"; };
		32B608AE251A670100CF1000 /* MovieCell.swift */ = {isa = PBXFileReference; lastKnownFileType = sourcecode.swift; path = MovieCell.swift; sourceTree = "<group>"; };
		32B608AF251A670100CF1000 /* MovieCell.xib */ = {isa = PBXFileReference; lastKnownFileType = file.xib; path = MovieCell.xib; sourceTree = "<group>"; };
		32B608B8251A6E9200CF1000 /* Constants.swift */ = {isa = PBXFileReference; lastKnownFileType = sourcecode.swift; path = Constants.swift; sourceTree = "<group>"; };
/* End PBXFileReference section */

/* Begin PBXFrameworksBuildPhase section */
		32B60867251A561F00CF1000 /* Frameworks */ = {
			isa = PBXFrameworksBuildPhase;
			buildActionMask = 2147483647;
			files = (
			);
			runOnlyForDeploymentPostprocessing = 0;
		};
		32B6087D251A562200CF1000 /* Frameworks */ = {
			isa = PBXFrameworksBuildPhase;
			buildActionMask = 2147483647;
			files = (
			);
			runOnlyForDeploymentPostprocessing = 0;
		};
		32B60888251A562200CF1000 /* Frameworks */ = {
			isa = PBXFrameworksBuildPhase;
			buildActionMask = 2147483647;
			files = (
			);
			runOnlyForDeploymentPostprocessing = 0;
		};
/* End PBXFrameworksBuildPhase section */

/* Begin PBXGroup section */
		32B60861251A561F00CF1000 = {
			isa = PBXGroup;
			children = (
				32B6089D251A564E00CF1000 /* README */,
				32B6086C251A561F00CF1000 /* Movies */,
				32B60883251A562200CF1000 /* MoviesTests */,
				32B6088E251A562200CF1000 /* MoviesUITests */,
				32B6086B251A561F00CF1000 /* Products */,
			);
			sourceTree = "<group>";
		};
		32B6086B251A561F00CF1000 /* Products */ = {
			isa = PBXGroup;
			children = (
				32B6086A251A561F00CF1000 /* Movies.app */,
				32B60880251A562200CF1000 /* MoviesTests.xctest */,
				32B6088B251A562200CF1000 /* MoviesUITests.xctest */,
			);
			name = Products;
			sourceTree = "<group>";
		};
		32B6086C251A561F00CF1000 /* Movies */ = {
			isa = PBXGroup;
			children = (
				32B608A8251A5DB900CF1000 /* Models */,
				32B608A9251A5DC600CF1000 /* Views */,
				32B608AA251A5DCF00CF1000 /* Controllers */,
				32B6086D251A561F00CF1000 /* AppDelegate.swift */,
				32B6086F251A561F00CF1000 /* SceneDelegate.swift */,
				32B60876251A562100CF1000 /* Assets.xcassets */,
				32B6087B251A562200CF1000 /* Info.plist */,
				32B608B8251A6E9200CF1000 /* Constants.swift */,
			);
			path = Movies;
			sourceTree = "<group>";
		};
		32B60883251A562200CF1000 /* MoviesTests */ = {
			isa = PBXGroup;
			children = (
				32B60884251A562200CF1000 /* MoviesTests.swift */,
				32B60886251A562200CF1000 /* Info.plist */,
			);
			path = MoviesTests;
			sourceTree = "<group>";
		};
		32B6088E251A562200CF1000 /* MoviesUITests */ = {
			isa = PBXGroup;
			children = (
				32B6088F251A562200CF1000 /* MoviesUITests.swift */,
				32B60891251A562200CF1000 /* Info.plist */,
			);
			path = MoviesUITests;
			sourceTree = "<group>";
		};
		32B608A8251A5DB900CF1000 /* Models */ = {
			isa = PBXGroup;
			children = (
			);
			path = Models;
			sourceTree = "<group>";
		};
		32B608A9251A5DC600CF1000 /* Views */ = {
			isa = PBXGroup;
			children = (
				32B60873251A561F00CF1000 /* Main.storyboard */,
				32B60878251A562200CF1000 /* LaunchScreen.storyboard */,
				32B608AE251A670100CF1000 /* MovieCell.swift */,
				32B608AF251A670100CF1000 /* MovieCell.xib */,
			);
			path = Views;
			sourceTree = "<group>";
		};
		32B608AA251A5DCF00CF1000 /* Controllers */ = {
			isa = PBXGroup;
			children = (
				32B60871251A561F00CF1000 /* AllMoviesViewController.swift */,
			);
			path = Controllers;
			sourceTree = "<group>";
		};
/* End PBXGroup section */

/* Begin PBXNativeTarget section */
		32B60869251A561F00CF1000 /* Movies */ = {
			isa = PBXNativeTarget;
			buildConfigurationList = 32B60894251A562200CF1000 /* Build configuration list for PBXNativeTarget "Movies" */;
			buildPhases = (
				32B60866251A561F00CF1000 /* Sources */,
				32B60867251A561F00CF1000 /* Frameworks */,
				32B60868251A561F00CF1000 /* Resources */,
			);
			buildRules = (
			);
			dependencies = (
			);
			name = Movies;
			productName = Movies;
			productReference = 32B6086A251A561F00CF1000 /* Movies.app */;
			productType = "com.apple.product-type.application";
		};
		32B6087F251A562200CF1000 /* MoviesTests */ = {
			isa = PBXNativeTarget;
			buildConfigurationList = 32B60897251A562200CF1000 /* Build configuration list for PBXNativeTarget "MoviesTests" */;
			buildPhases = (
				32B6087C251A562200CF1000 /* Sources */,
				32B6087D251A562200CF1000 /* Frameworks */,
				32B6087E251A562200CF1000 /* Resources */,
			);
			buildRules = (
			);
			dependencies = (
				32B60882251A562200CF1000 /* PBXTargetDependency */,
			);
			name = MoviesTests;
			productName = MoviesTests;
			productReference = 32B60880251A562200CF1000 /* MoviesTests.xctest */;
			productType = "com.apple.product-type.bundle.unit-test";
		};
		32B6088A251A562200CF1000 /* MoviesUITests */ = {
			isa = PBXNativeTarget;
			buildConfigurationList = 32B6089A251A562200CF1000 /* Build configuration list for PBXNativeTarget "MoviesUITests" */;
			buildPhases = (
				32B60887251A562200CF1000 /* Sources */,
				32B60888251A562200CF1000 /* Frameworks */,
				32B60889251A562200CF1000 /* Resources */,
			);
			buildRules = (
			);
			dependencies = (
				32B6088D251A562200CF1000 /* PBXTargetDependency */,
			);
			name = MoviesUITests;
			productName = MoviesUITests;
			productReference = 32B6088B251A562200CF1000 /* MoviesUITests.xctest */;
			productType = "com.apple.product-type.bundle.ui-testing";
		};
/* End PBXNativeTarget section */

/* Begin PBXProject section */
		32B60862251A561F00CF1000 /* Project object */ = {
			isa = PBXProject;
			attributes = {
				LastSwiftUpdateCheck = 1200;
				LastUpgradeCheck = 1200;
				TargetAttributes = {
					32B60869251A561F00CF1000 = {
						CreatedOnToolsVersion = 12.0;
					};
					32B6087F251A562200CF1000 = {
						CreatedOnToolsVersion = 12.0;
						TestTargetID = 32B60869251A561F00CF1000;
					};
					32B6088A251A562200CF1000 = {
						CreatedOnToolsVersion = 12.0;
						TestTargetID = 32B60869251A561F00CF1000;
					};
				};
			};
			buildConfigurationList = 32B60865251A561F00CF1000 /* Build configuration list for PBXProject "Movies" */;
			compatibilityVersion = "Xcode 9.3";
			developmentRegion = en;
			hasScannedForEncodings = 0;
			knownRegions = (
				en,
				Base,
			);
			mainGroup = 32B60861251A561F00CF1000;
			productRefGroup = 32B6086B251A561F00CF1000 /* Products */;
			projectDirPath = "";
			projectRoot = "";
			targets = (
				32B60869251A561F00CF1000 /* Movies */,
				32B6087F251A562200CF1000 /* MoviesTests */,
				32B6088A251A562200CF1000 /* MoviesUITests */,
			);
		};
/* End PBXProject section */

/* Begin PBXResourcesBuildPhase section */
		32B60868251A561F00CF1000 /* Resources */ = {
			isa = PBXResourcesBuildPhase;
			buildActionMask = 2147483647;
			files = (
				32B6089E251A564E00CF1000 /* README in Resources */,
				32B6087A251A562200CF1000 /* LaunchScreen.storyboard in Resources */,
				32B60877251A562200CF1000 /* Assets.xcassets in Resources */,
				32B60875251A561F00CF1000 /* Main.storyboard in Resources */,
				32B608B1251A670100CF1000 /* MovieCell.xib in Resources */,
			);
			runOnlyForDeploymentPostprocessing = 0;
		};
		32B6087E251A562200CF1000 /* Resources */ = {
			isa = PBXResourcesBuildPhase;
			buildActionMask = 2147483647;
			files = (
			);
			runOnlyForDeploymentPostprocessing = 0;
		};
		32B60889251A562200CF1000 /* Resources */ = {
			isa = PBXResourcesBuildPhase;
			buildActionMask = 2147483647;
			files = (
			);
			runOnlyForDeploymentPostprocessing = 0;
		};
/* End PBXResourcesBuildPhase section */

/* Begin PBXSourcesBuildPhase section */
		32B60866251A561F00CF1000 /* Sources */ = {
			isa = PBXSourcesBuildPhase;
			buildActionMask = 2147483647;
			files = (
				32B608B9251A6E9200CF1000 /* Constants.swift in Sources */,
				32B60872251A561F00CF1000 /* AllMoviesViewController.swift in Sources */,
				32B6086E251A561F00CF1000 /* AppDelegate.swift in Sources */,
				32B608B0251A670100CF1000 /* MovieCell.swift in Sources */,
				32B60870251A561F00CF1000 /* SceneDelegate.swift in Sources */,
			);
			runOnlyForDeploymentPostprocessing = 0;
		};
		32B6087C251A562200CF1000 /* Sources */ = {
			isa = PBXSourcesBuildPhase;
			buildActionMask = 2147483647;
			files = (
				32B60885251A562200CF1000 /* MoviesTests.swift in Sources */,
			);
			runOnlyForDeploymentPostprocessing = 0;
		};
		32B60887251A562200CF1000 /* Sources */ = {
			isa = PBXSourcesBuildPhase;
			buildActionMask = 2147483647;
			files = (
				32B60890251A562200CF1000 /* MoviesUITests.swift in Sources */,
			);
			runOnlyForDeploymentPostprocessing = 0;
		};
/* End PBXSourcesBuildPhase section */

/* Begin PBXTargetDependency section */
		32B60882251A562200CF1000 /* PBXTargetDependency */ = {
			isa = PBXTargetDependency;
			target = 32B60869251A561F00CF1000 /* Movies */;
			targetProxy = 32B60881251A562200CF1000 /* PBXContainerItemProxy */;
		};
		32B6088D251A562200CF1000 /* PBXTargetDependency */ = {
			isa = PBXTargetDependency;
			target = 32B60869251A561F00CF1000 /* Movies */;
			targetProxy = 32B6088C251A562200CF1000 /* PBXContainerItemProxy */;
		};
/* End PBXTargetDependency section */

/* Begin PBXVariantGroup section */
		32B60873251A561F00CF1000 /* Main.storyboard */ = {
			isa = PBXVariantGroup;
			children = (
				32B60874251A561F00CF1000 /* Base */,
			);
			name = Main.storyboard;
			sourceTree = "<group>";
		};
		32B60878251A562200CF1000 /* LaunchScreen.storyboard */ = {
			isa = PBXVariantGroup;
			children = (
				32B60879251A562200CF1000 /* Base */,
			);
			name = LaunchScreen.storyboard;
			sourceTree = "<group>";
		};
/* End PBXVariantGroup section */

/* Begin XCBuildConfiguration section */
		32B60892251A562200CF1000 /* Debug */ = {
			isa = XCBuildConfiguration;
			buildSettings = {
				ALWAYS_SEARCH_USER_PATHS = NO;
				CLANG_ANALYZER_NONNULL = YES;
				CLANG_ANALYZER_NUMBER_OBJECT_CONVERSION = YES_AGGRESSIVE;
				CLANG_CXX_LANGUAGE_STANDARD = "gnu++14";
				CLANG_CXX_LIBRARY = "libc++";
				CLANG_ENABLE_MODULES = YES;
				CLANG_ENABLE_OBJC_ARC = YES;
				CLANG_ENABLE_OBJC_WEAK = YES;
				CLANG_WARN_BLOCK_CAPTURE_AUTORELEASING = YES;
				CLANG_WARN_BOOL_CONVERSION = YES;
				CLANG_WARN_COMMA = YES;
				CLANG_WARN_CONSTANT_CONVERSION = YES;
				CLANG_WARN_DEPRECATED_OBJC_IMPLEMENTATIONS = YES;
				CLANG_WARN_DIRECT_OBJC_ISA_USAGE = YES_ERROR;
				CLANG_WARN_DOCUMENTATION_COMMENTS = YES;
				CLANG_WARN_EMPTY_BODY = YES;
				CLANG_WARN_ENUM_CONVERSION = YES;
				CLANG_WARN_INFINITE_RECURSION = YES;
				CLANG_WARN_INT_CONVERSION = YES;
				CLANG_WARN_NON_LITERAL_NULL_CONVERSION = YES;
				CLANG_WARN_OBJC_IMPLICIT_RETAIN_SELF = YES;
				CLANG_WARN_OBJC_LITERAL_CONVERSION = YES;
				CLANG_WARN_OBJC_ROOT_CLASS = YES_ERROR;
				CLANG_WARN_QUOTED_INCLUDE_IN_FRAMEWORK_HEADER = YES;
				CLANG_WARN_RANGE_LOOP_ANALYSIS = YES;
				CLANG_WARN_STRICT_PROTOTYPES = YES;
				CLANG_WARN_SUSPICIOUS_MOVE = YES;
				CLANG_WARN_UNGUARDED_AVAILABILITY = YES_AGGRESSIVE;
				CLANG_WARN_UNREACHABLE_CODE = YES;
				CLANG_WARN__DUPLICATE_METHOD_MATCH = YES;
				COPY_PHASE_STRIP = NO;
				DEBUG_INFORMATION_FORMAT = dwarf;
				ENABLE_STRICT_OBJC_MSGSEND = YES;
				ENABLE_TESTABILITY = YES;
				GCC_C_LANGUAGE_STANDARD = gnu11;
				GCC_DYNAMIC_NO_PIC = NO;
				GCC_NO_COMMON_BLOCKS = YES;
				GCC_OPTIMIZATION_LEVEL = 0;
				GCC_PREPROCESSOR_DEFINITIONS = (
					"DEBUG=1",
					"$(inherited)",
				);
				GCC_WARN_64_TO_32_BIT_CONVERSION = YES;
				GCC_WARN_ABOUT_RETURN_TYPE = YES_ERROR;
				GCC_WARN_UNDECLARED_SELECTOR = YES;
				GCC_WARN_UNINITIALIZED_AUTOS = YES_AGGRESSIVE;
				GCC_WARN_UNUSED_FUNCTION = YES;
				GCC_WARN_UNUSED_VARIABLE = YES;
				IPHONEOS_DEPLOYMENT_TARGET = 14.0;
				MTL_ENABLE_DEBUG_INFO = INCLUDE_SOURCE;
				MTL_FAST_MATH = YES;
				ONLY_ACTIVE_ARCH = YES;
				SDKROOT = iphoneos;
				SWIFT_ACTIVE_COMPILATION_CONDITIONS = DEBUG;
				SWIFT_OPTIMIZATION_LEVEL = "-Onone";
			};
			name = Debug;
		};
		32B60893251A562200CF1000 /* Release */ = {
			isa = XCBuildConfiguration;
			buildSettings = {
				ALWAYS_SEARCH_USER_PATHS = NO;
				CLANG_ANALYZER_NONNULL = YES;
				CLANG_ANALYZER_NUMBER_OBJECT_CONVERSION = YES_AGGRESSIVE;
				CLANG_CXX_LANGUAGE_STANDARD = "gnu++14";
				CLANG_CXX_LIBRARY = "libc++";
				CLANG_ENABLE_MODULES = YES;
				CLANG_ENABLE_OBJC_ARC = YES;
				CLANG_ENABLE_OBJC_WEAK = YES;
				CLANG_WARN_BLOCK_CAPTURE_AUTORELEASING = YES;
				CLANG_WARN_BOOL_CONVERSION = YES;
				CLANG_WARN_COMMA = YES;
				CLANG_WARN_CONSTANT_CONVERSION = YES;
				CLANG_WARN_DEPRECATED_OBJC_IMPLEMENTATIONS = YES;
				CLANG_WARN_DIRECT_OBJC_ISA_USAGE = YES_ERROR;
				CLANG_WARN_DOCUMENTATION_COMMENTS = YES;
				CLANG_WARN_EMPTY_BODY = YES;
				CLANG_WARN_ENUM_CONVERSION = YES;
				CLANG_WARN_INFINITE_RECURSION = YES;
				CLANG_WARN_INT_CONVERSION = YES;
				CLANG_WARN_NON_LITERAL_NULL_CONVERSION = YES;
				CLANG_WARN_OBJC_IMPLICIT_RETAIN_SELF = YES;
				CLANG_WARN_OBJC_LITERAL_CONVERSION = YES;
				CLANG_WARN_OBJC_ROOT_CLASS = YES_ERROR;
				CLANG_WARN_QUOTED_INCLUDE_IN_FRAMEWORK_HEADER = YES;
				CLANG_WARN_RANGE_LOOP_ANALYSIS = YES;
				CLANG_WARN_STRICT_PROTOTYPES = YES;
				CLANG_WARN_SUSPICIOUS_MOVE = YES;
				CLANG_WARN_UNGUARDED_AVAILABILITY = YES_AGGRESSIVE;
				CLANG_WARN_UNREACHABLE_CODE = YES;
				CLANG_WARN__DUPLICATE_METHOD_MATCH = YES;
				COPY_PHASE_STRIP = NO;
				DEBUG_INFORMATION_FORMAT = "dwarf-with-dsym";
				ENABLE_NS_ASSERTIONS = NO;
				ENABLE_STRICT_OBJC_MSGSEND = YES;
				GCC_C_LANGUAGE_STANDARD = gnu11;
				GCC_NO_COMMON_BLOCKS = YES;
				GCC_WARN_64_TO_32_BIT_CONVERSION = YES;
				GCC_WARN_ABOUT_RETURN_TYPE = YES_ERROR;
				GCC_WARN_UNDECLARED_SELECTOR = YES;
				GCC_WARN_UNINITIALIZED_AUTOS = YES_AGGRESSIVE;
				GCC_WARN_UNUSED_FUNCTION = YES;
				GCC_WARN_UNUSED_VARIABLE = YES;
				IPHONEOS_DEPLOYMENT_TARGET = 14.0;
				MTL_ENABLE_DEBUG_INFO = NO;
				MTL_FAST_MATH = YES;
				SDKROOT = iphoneos;
				SWIFT_COMPILATION_MODE = wholemodule;
				SWIFT_OPTIMIZATION_LEVEL = "-O";
				VALIDATE_PRODUCT = YES;
			};
			name = Release;
		};
		32B60895251A562200CF1000 /* Debug */ = {
			isa = XCBuildConfiguration;
			buildSettings = {
				ASSETCATALOG_COMPILER_APPICON_NAME = AppIcon;
				ASSETCATALOG_COMPILER_GLOBAL_ACCENT_COLOR_NAME = AccentColor;
				CODE_SIGN_STYLE = Automatic;
				DEVELOPMENT_TEAM = H442Z54DM5;
				INFOPLIST_FILE = Movies/Info.plist;
				IPHONEOS_DEPLOYMENT_TARGET = 13.0;
				LD_RUNPATH_SEARCH_PATHS = (
					"$(inherited)",
					"@executable_path/Frameworks",
				);
				PRODUCT_BUNDLE_IDENTIFIER = com.ziadshebl.Movies;
				PRODUCT_NAME = "$(TARGET_NAME)";
				SWIFT_VERSION = 5.0;
				TARGETED_DEVICE_FAMILY = "1,2";
			};
			name = Debug;
		};
		32B60896251A562200CF1000 /* Release */ = {
			isa = XCBuildConfiguration;
			buildSettings = {
				ASSETCATALOG_COMPILER_APPICON_NAME = AppIcon;
				ASSETCATALOG_COMPILER_GLOBAL_ACCENT_COLOR_NAME = AccentColor;
				CODE_SIGN_STYLE = Automatic;
				DEVELOPMENT_TEAM = H442Z54DM5;
				INFOPLIST_FILE = Movies/Info.plist;
				IPHONEOS_DEPLOYMENT_TARGET = 13.0;
				LD_RUNPATH_SEARCH_PATHS = (
					"$(inherited)",
					"@executable_path/Frameworks",
				);
				PRODUCT_BUNDLE_IDENTIFIER = com.ziadshebl.Movies;
				PRODUCT_NAME = "$(TARGET_NAME)";
				SWIFT_VERSION = 5.0;
				TARGETED_DEVICE_FAMILY = "1,2";
			};
			name = Release;
		};
		32B60898251A562200CF1000 /* Debug */ = {
			isa = XCBuildConfiguration;
			buildSettings = {
				ALWAYS_EMBED_SWIFT_STANDARD_LIBRARIES = YES;
				BUNDLE_LOADER = "$(TEST_HOST)";
				CODE_SIGN_STYLE = Automatic;
				DEVELOPMENT_TEAM = H442Z54DM5;
				INFOPLIST_FILE = MoviesTests/Info.plist;
				IPHONEOS_DEPLOYMENT_TARGET = 14.0;
				LD_RUNPATH_SEARCH_PATHS = (
					"$(inherited)",
					"@executable_path/Frameworks",
					"@loader_path/Frameworks",
				);
				PRODUCT_BUNDLE_IDENTIFIER = com.ziadshebl.MoviesTests;
				PRODUCT_NAME = "$(TARGET_NAME)";
				SWIFT_VERSION = 5.0;
				TARGETED_DEVICE_FAMILY = "1,2";
				TEST_HOST = "$(BUILT_PRODUCTS_DIR)/Movies.app/Movies";
			};
			name = Debug;
		};
		32B60899251A562200CF1000 /* Release */ = {
			isa = XCBuildConfiguration;
			buildSettings = {
				ALWAYS_EMBED_SWIFT_STANDARD_LIBRARIES = YES;
				BUNDLE_LOADER = "$(TEST_HOST)";
				CODE_SIGN_STYLE = Automatic;
				DEVELOPMENT_TEAM = H442Z54DM5;
				INFOPLIST_FILE = MoviesTests/Info.plist;
				IPHONEOS_DEPLOYMENT_TARGET = 14.0;
				LD_RUNPATH_SEARCH_PATHS = (
					"$(inherited)",
					"@executable_path/Frameworks",
					"@loader_path/Frameworks",
				);
				PRODUCT_BUNDLE_IDENTIFIER = com.ziadshebl.MoviesTests;
				PRODUCT_NAME = "$(TARGET_NAME)";
				SWIFT_VERSION = 5.0;
				TARGETED_DEVICE_FAMILY = "1,2";
				TEST_HOST = "$(BUILT_PRODUCTS_DIR)/Movies.app/Movies";
			};
			name = Release;
		};
		32B6089B251A562200CF1000 /* Debug */ = {
			isa = XCBuildConfiguration;
			buildSettings = {
				ALWAYS_EMBED_SWIFT_STANDARD_LIBRARIES = YES;
				CODE_SIGN_STYLE = Automatic;
				DEVELOPMENT_TEAM = H442Z54DM5;
				INFOPLIST_FILE = MoviesUITests/Info.plist;
				LD_RUNPATH_SEARCH_PATHS = (
					"$(inherited)",
					"@executable_path/Frameworks",
					"@loader_path/Frameworks",
				);
				PRODUCT_BUNDLE_IDENTIFIER = com.ziadshebl.MoviesUITests;
				PRODUCT_NAME = "$(TARGET_NAME)";
				SWIFT_VERSION = 5.0;
				TARGETED_DEVICE_FAMILY = "1,2";
				TEST_TARGET_NAME = Movies;
			};
			name = Debug;
		};
		32B6089C251A562200CF1000 /* Release */ = {
			isa = XCBuildConfiguration;
			buildSettings = {
				ALWAYS_EMBED_SWIFT_STANDARD_LIBRARIES = YES;
				CODE_SIGN_STYLE = Automatic;
				DEVELOPMENT_TEAM = H442Z54DM5;
				INFOPLIST_FILE = MoviesUITests/Info.plist;
				LD_RUNPATH_SEARCH_PATHS = (
					"$(inherited)",
					"@executable_path/Frameworks",
					"@loader_path/Frameworks",
				);
				PRODUCT_BUNDLE_IDENTIFIER = com.ziadshebl.MoviesUITests;
				PRODUCT_NAME = "$(TARGET_NAME)";
				SWIFT_VERSION = 5.0;
				TARGETED_DEVICE_FAMILY = "1,2";
				TEST_TARGET_NAME = Movies;
			};
			name = Release;
		};
/* End XCBuildConfiguration section */

/* Begin XCConfigurationList section */
		32B60865251A561F00CF1000 /* Build configuration list for PBXProject "Movies" */ = {
			isa = XCConfigurationList;
			buildConfigurations = (
				32B60892251A562200CF1000 /* Debug */,
				32B60893251A562200CF1000 /* Release */,
			);
			defaultConfigurationIsVisible = 0;
			defaultConfigurationName = Release;
		};
		32B60894251A562200CF1000 /* Build configuration list for PBXNativeTarget "Movies" */ = {
			isa = XCConfigurationList;
			buildConfigurations = (
				32B60895251A562200CF1000 /* Debug */,
				32B60896251A562200CF1000 /* Release */,
			);
			defaultConfigurationIsVisible = 0;
			defaultConfigurationName = Release;
		};
		32B60897251A562200CF1000 /* Build configuration list for PBXNativeTarget "MoviesTests" */ = {
			isa = XCConfigurationList;
			buildConfigurations = (
				32B60898251A562200CF1000 /* Debug */,
				32B60899251A562200CF1000 /* Release */,
			);
			defaultConfigurationIsVisible = 0;
			defaultConfigurationName = Release;
		};
		32B6089A251A562200CF1000 /* Build configuration list for PBXNativeTarget "MoviesUITests" */ = {
			isa = XCConfigurationList;
			buildConfigurations = (
				32B6089B251A562200CF1000 /* Debug */,
				32B6089C251A562200CF1000 /* Release */,
			);
			defaultConfigurationIsVisible = 0;
			defaultConfigurationName = Release;
		};
/* End XCConfigurationList section */
	};
	rootObject = 32B60862251A561F00CF1000 /* Project object */;
}
